<?xml version="1.0" encoding="utf-8"?>
<Project ToolsVersion="4.0" xmlns="http://schemas.microsoft.com/developer/msbuild/2003">
  <ItemGroup>
    <Filter Include="Source Files">
      <UniqueIdentifier>{4FC737F1-C7A5-4376-A066-2A32D752A2FF}</UniqueIdentifier>
      <Extensions>cpp;c;cc;cxx;def;odl;idl;hpj;bat;asm;asmx</Extensions>
    </Filter>
    <Filter Include="Header Files">
      <UniqueIdentifier>{93995380-89BD-4b04-88EB-625FBE52EBFB}</UniqueIdentifier>
      <Extensions>h;hh;hpp;hxx;hm;inl;inc;xsd</Extensions>
    </Filter>
    <Filter Include="Resource Files">
      <UniqueIdentifier>{67DA6AB6-F800-4c08-8B7A-83BB121AAD01}</UniqueIdentifier>
      <Extensions>rc;ico;cur;bmp;dlg;rc2;rct;bin;rgs;gif;jpg;jpeg;jpe;resx;tiff;tif;png;wav;mfcribbon-ms</Extensions>
    </Filter>
  </ItemGroup>
  <ItemGroup>
    <ClInclude Include="YoukuParser\consolestream.h">
      <Filter>Header Files</Filter>
    </ClInclude>
    <ClInclude Include="YoukuParser\ErrorHandle.h">
      <Filter>Header Files</Filter>
    </ClInclude>
    <ClInclude Include="YoukuParser\flv_joiner.h">
      <Filter>Header Files</Filter>
    </ClInclude>
    <ClInclude Include="YoukuParser\http.h">
      <Filter>Header Files</Filter>
    </ClInclude>
    <ClInclude Include="YoukuParser\json11.hpp">
      <Filter>Header Files</Filter>
    </ClInclude>
    <ClInclude Include="YoukuParser\parser.h">
      <Filter>Header Files</Filter>
    </ClInclude>
    <ClInclude Include="YoukuParser\stdafx.h">
      <Filter>Header Files</Filter>
    </ClInclude>
    <ClInclude Include="YoukuParser\targetver.h">
      <Filter>Header Files</Filter>
    </ClInclude>
    <ClInclude Include="YoukuParser\utilities.h">
      <Filter>Header Files</Filter>
    </ClInclude>
    <ClInclude Include="YoukuParser\window.h">
      <Filter>Header Files</Filter>
    </ClInclude>
    <ClInclude Include="YoukuParser\YoukuParser.h">
      <Filter>Header Files</Filter>
    </ClInclude>
    <ClInclude Include="YoukuParser\YoukuWindow.h">
      <Filter>Header Files</Filter>
    </ClInclude>
    <ClInclude Include="YoukuParser\timer.h">
      <Filter>Header Files</Filter>
    </ClInclude>
    <ClInclude Include="YoukuParser\speedometer.h">
      <Filter>Header Files</Filter>
    </ClInclude>
    <ClInclude Include="YoukuParser\resource.h">
      <Filter>Header Files</Filter>
    </ClInclude>
    <ClInclude Include="YoukuParser\TreeListView.h">
      <Filter>Header Files</Filter>
    </ClInclude>
  </ItemGroup>
  <ItemGroup>
    <ClCompile Include="YoukuParser\consolestream.cpp">
      <Filter>Source Files</Filter>
    </ClCompile>
    <ClCompile Include="YoukuParser\ErrorHandle.cpp">
      <Filter>Source Files</Filter>
    </ClCompile>
    <ClCompile Include="YoukuParser\flv_joiner.cpp">
      <Filter>Source Files</Filter>
    </ClCompile>
    <ClCompile Include="YoukuParser\http.cpp">
      <Filter>Source Files</Filter>
    </ClCompile>
    <ClCompile Include="YoukuParser\json11.cpp">
      <Filter>Source Files</Filter>
    </ClCompile>
    <ClCompile Include="YoukuParser\main.cpp">
      <Filter>Source Files</Filter>
    </ClCompile>
    <ClCompile Include="YoukuParser\parser.cpp">
      <Filter>Source Files</Filter>
    </ClCompile>
    <ClCompile Include="YoukuParser\stdafx.cpp">
      <Filter>Source Files</Filter>
    </ClCompile>
    <ClCompile Include="YoukuParser\utilities.cpp">
      <Filter>Source Files</Filter>
    </ClCompile>
    <ClCompile Include="YoukuParser\window.cpp">
      <Filter>Source Files</Filter>
    </ClCompile>
    <ClCompile Include="YoukuParser\YoukuParser.cpp">
      <Filter>Source Files</Filter>
    </ClCompile>
    <ClCompile Include="YoukuParser\YoukuWindow.cpp">
      <Filter>Source Files</Filter>
    </ClCompile>
    <ClCompile Include="YoukuParser\timer.cpp">
      <Filter>Source Files</Filter>
    </ClCompile>
    <ClCompile Include="YoukuParser\speedometer.cpp">
      <Filter>Source Files</Filter>
    </ClCompile>
    <ClCompile Include="YoukuParser\TreeListView.cpp">
      <Filter>Source Files</Filter>
    </ClCompile>
  </ItemGroup>
  <ItemGroup>
    <ResourceCompile Include="YoukuParser\YoukuParser.rc">
      <Filter>Resource Files</Filter>
    </ResourceCompile>
  </ItemGroup>
  <ItemGroup>
    <Image Include="YoukuParser\check.bmp">
      <Filter>Resource Files</Filter>
    </Image>
    <Image Include="YoukuParser\cross.bmp">
      <Filter>Resource Files</Filter>
    </Image>
    <Image Include="YoukuParser\play.bmp">
      <Filter>Resource Files</Filter>
    </Image>
  </ItemGroup>
</Project>